
Microsoft Visual Studio Solution File, Format Version 12.00
# Visual Studio 15
VisualStudioVersion = 15.0.27130.2020
MinimumVisualStudioVersion = 10.0.40219.1
Project("{FAE04EC0-301F-11D3-BF4B-00C04F79EFBC}") = "PS4Remapper.Hooks", "PS4Remapper.Hooks\PS4Remapper.Hooks.csproj", "{B441401E-B3F7-49D0-A02D-B5AEF6F14B52}"
EndProject
Project("{FAE04EC0-301F-11D3-BF4B-00C04F79EFBC}") = "PS4Remapper", "PS4Remapper\PS4Remapper.csproj", "{D47C4BB9-095A-4083-893D-ED0C372EC24B}"
EndProject
Project("{FAE04EC0-301F-11D3-BF4B-00C04F79EFBC}") = "PS4Remapper.FormsApp", "PS4Remapper.FormsApp\PS4Remapper.FormsApp.csproj", "{B83198BB-3EDB-4AFB-9993-577F3BF50316}"
EndProject
Project("{2150E333-8FDC-42A3-9474-1A3956D46DE8}") = "Core", "Core", "{5EBFD1BF-B3F9-40EE-8B50-0195506AF40A}"
EndProject
Project("{FAE04EC0-301F-11D3-BF4B-00C04F79EFBC}") = "PS4RemotePlayInterceptor", "PS4RemotePlayInterceptor\PS4RemotePlayInterceptor.csproj", "{7EA5CD79-4454-4BE5-BB06-FA4C8122808A}"
EndProject
Project("{FAE04EC0-301F-11D3-BF4B-00C04F79EFBC}") = "PS4Remapper.UI", "PS4Remapper.UI\PS4Remapper.UI.csproj", "{0ACC100D-2229-4CBD-9982-4A5A61DC94C5}"
EndProject
Project("{FAE04EC0-301F-11D3-BF4B-00C04F79EFBC}") = "PS4Remapper.MouseConsoleApp", "PS4Remapper.MouseConsoleApp\PS4Remapper.MouseConsoleApp.csproj", "{6EB84ED8-6A8A-451D-89DC-4B86DBAB9D67}"
EndProject
Global
	GlobalSection(SolutionConfigurationPlatforms) = preSolution
		Debug|Any CPU = Debug|Any CPU
		Debug|ARM = Debug|ARM
		Debug|x64 = Debug|x64
		Debug|x86 = Debug|x86
		Release|Any CPU = Release|Any CPU
		Release|ARM = Release|ARM
		Release|x64 = Release|x64
		Release|x86 = Release|x86
	EndGlobalSection
	GlobalSection(ProjectConfigurationPlatforms) = postSolution
		{B441401E-B3F7-49D0-A02D-B5AEF6F14B52}.Debug|Any CPU.ActiveCfg = Debug|Any CPU
		{B441401E-B3F7-49D0-A02D-B5AEF6F14B52}.Debug|Any CPU.Build.0 = Debug|Any CPU
		{B441401E-B3F7-49D0-A02D-B5AEF6F14B52}.Debug|ARM.ActiveCfg = Debug|Any CPU
		{B441401E-B3F7-49D0-A02D-B5AEF6F14B52}.Debug|ARM.Build.0 = Debug|Any CPU
		{B441401E-B3F7-49D0-A02D-B5AEF6F14B52}.Debug|x64.ActiveCfg = Debug|Any CPU
		{B441401E-B3F7-49D0-A02D-B5AEF6F14B52}.Debug|x64.Build.0 = Debug|Any CPU
		{B441401E-B3F7-49D0-A02D-B5AEF6F14B52}.Debug|x86.ActiveCfg = Debug|Any CPU
		{B441401E-B3F7-49D0-A02D-B5AEF6F14B52}.Debug|x86.Build.0 = Debug|Any CPU
		{B441401E-B3F7-49D0-A02D-B5AEF6F14B52}.Release|Any CPU.ActiveCfg = Release|Any CPU
		{B441401E-B3F7-49D0-A02D-B5AEF6F14B52}.Release|Any CPU.Build.0 = Release|Any CPU
		{B441401E-B3F7-49D0-A02D-B5AEF6F14B52}.Release|ARM.ActiveCfg = Release|Any CPU
		{B441401E-B3F7-49D0-A02D-B5AEF6F14B52}.Release|ARM.Build.0 = Release|Any CPU
		{B441401E-B3F7-49D0-A02D-B5AEF6F14B52}.Release|x64.ActiveCfg = Release|Any CPU
		{B441401E-B3F7-49D0-A02D-B5AEF6F14B52}.Release|x64.Build.0 = Release|Any CPU
		{B441401E-B3F7-49D0-A02D-B5AEF6F14B52}.Release|x86.ActiveCfg = Release|Any CPU
		{B441401E-B3F7-49D0-A02D-B5AEF6F14B52}.Release|x86.Build.0 = Release|Any CPU
		{D47C4BB9-095A-4083-893D-ED0C372EC24B}.Debug|Any CPU.ActiveCfg = Debug|Any CPU
		{D47C4BB9-095A-4083-893D-ED0C372EC24B}.Debug|Any CPU.Build.0 = Debug|Any CPU
		{D47C4BB9-095A-4083-893D-ED0C372EC24B}.Debug|ARM.ActiveCfg = Debug|Any CPU
		{D47C4BB9-095A-4083-893D-ED0C372EC24B}.Debug|ARM.Build.0 = Debug|Any CPU
		{D47C4BB9-095A-4083-893D-ED0C372EC24B}.Debug|x64.ActiveCfg = Debug|Any CPU
		{D47C4BB9-095A-4083-893D-ED0C372EC24B}.Debug|x64.Build.0 = Debug|Any CPU
		{D47C4BB9-095A-4083-893D-ED0C372EC24B}.Debug|x86.ActiveCfg = Debug|Any CPU
		{D47C4BB9-095A-4083-893D-ED0C372EC24B}.Debug|x86.Build.0 = Debug|Any CPU
		{D47C4BB9-095A-4083-893D-ED0C372EC24B}.Release|Any CPU.ActiveCfg = Release|Any CPU
		{D47C4BB9-095A-4083-893D-ED0C372EC24B}.Release|Any CPU.Build.0 = Release|Any CPU
		{D47C4BB9-095A-4083-893D-ED0C372EC24B}.Release|ARM.ActiveCfg = Release|Any CPU
		{D47C4BB9-095A-4083-893D-ED0C372EC24B}.Release|ARM.Build.0 = Release|Any CPU
		{D47C4BB9-095A-4083-893D-ED0C372EC24B}.Release|x64.ActiveCfg = Release|Any CPU
		{D47C4BB9-095A-4083-893D-ED0C372EC24B}.Release|x64.Build.0 = Release|Any CPU
		{D47C4BB9-095A-4083-893D-ED0C372EC24B}.Release|x86.ActiveCfg = Release|Any CPU
		{D47C4BB9-095A-4083-893D-ED0C372EC24B}.Release|x86.Build.0 = Release|Any CPU
		{B83198BB-3EDB-4AFB-9993-577F3BF50316}.Debug|Any CPU.ActiveCfg = Debug|Any CPU
		{B83198BB-3EDB-4AFB-9993-577F3BF50316}.Debug|Any CPU.Build.0 = Debug|Any CPU
		{B83198BB-3EDB-4AFB-9993-577F3BF50316}.Debug|ARM.ActiveCfg = Debug|Any CPU
		{B83198BB-3EDB-4AFB-9993-577F3BF50316}.Debug|ARM.Build.0 = Debug|Any CPU
		{B83198BB-3EDB-4AFB-9993-577F3BF50316}.Debug|x64.ActiveCfg = Debug|Any CPU
		{B83198BB-3EDB-4AFB-9993-577F3BF50316}.Debug|x64.Build.0 = Debug|Any CPU
		{B83198BB-3EDB-4AFB-9993-577F3BF50316}.Debug|x86.ActiveCfg = Debug|Any CPU
		{B83198BB-3EDB-4AFB-9993-577F3BF50316}.Debug|x86.Build.0 = Debug|Any CPU
		{B83198BB-3EDB-4AFB-9993-577F3BF50316}.Release|Any CPU.ActiveCfg = Release|Any CPU
		{B83198BB-3EDB-4AFB-9993-577F3BF50316}.Release|Any CPU.Build.0 = Release|Any CPU
		{B83198BB-3EDB-4AFB-9993-577F3BF50316}.Release|ARM.ActiveCfg = Release|Any CPU
		{B83198BB-3EDB-4AFB-9993-577F3BF50316}.Release|ARM.Build.0 = Release|Any CPU
		{B83198BB-3EDB-4AFB-9993-577F3BF50316}.Release|x64.ActiveCfg = Release|Any CPU
		{B83198BB-3EDB-4AFB-9993-577F3BF50316}.Release|x64.Build.0 = Release|Any CPU
		{B83198BB-3EDB-4AFB-9993-577F3BF50316}.Release|x86.ActiveCfg = Release|Any CPU
		{B83198BB-3EDB-4AFB-9993-577F3BF50316}.Release|x86.Build.0 = Release|Any CPU
		{7EA5CD79-4454-4BE5-BB06-FA4C8122808A}.Debug|Any CPU.ActiveCfg = Debug|Any CPU
		{7EA5CD79-4454-4BE5-BB06-FA4C8122808A}.Debug|Any CPU.Build.0 = Debug|Any CPU
		{7EA5CD79-4454-4BE5-BB06-FA4C8122808A}.Debug|ARM.ActiveCfg = Debug|Any CPU
		{7EA5CD79-4454-4BE5-BB06-FA4C8122808A}.Debug|ARM.Build.0 = Debug|Any CPU
		{7EA5CD79-4454-4BE5-BB06-FA4C8122808A}.Debug|x64.ActiveCfg = Debug|Any CPU
		{7EA5CD79-4454-4BE5-BB06-FA4C8122808A}.Debug|x64.Build.0 = Debug|Any CPU
		{7EA5CD79-4454-4BE5-BB06-FA4C8122808A}.Debug|x86.ActiveCfg = Debug|Any CPU
		{7EA5CD79-4454-4BE5-BB06-FA4C8122808A}.Debug|x86.Build.0 = Debug|Any CPU
		{7EA5CD79-4454-4BE5-BB06-FA4C8122808A}.Release|Any CPU.ActiveCfg = Release|Any CPU
		{7EA5CD79-4454-4BE5-BB06-FA4C8122808A}.Release|Any CPU.Build.0 = Release|Any CPU
		{7EA5CD79-4454-4BE5-BB06-FA4C8122808A}.Release|ARM.ActiveCfg = Release|Any CPU
		{7EA5CD79-4454-4BE5-BB06-FA4C8122808A}.Release|ARM.Build.0 = Release|Any CPU
		{7EA5CD79-4454-4BE5-BB06-FA4C8122808A}.Release|x64.ActiveCfg = Release|Any CPU
		{7EA5CD79-4454-4BE5-BB06-FA4C8122808A}.Release|x64.Build.0 = Release|Any CPU
		{7EA5CD79-4454-4BE5-BB06-FA4C8122808A}.Release|x86.ActiveCfg = Release|Any CPU
		{7EA5CD79-4454-4BE5-BB06-FA4C8122808A}.Release|x86.Build.0 = Release|Any CPU
		{0ACC100D-2229-4CBD-9982-4A5A61DC94C5}.Debug|Any CPU.ActiveCfg = Debug|x86
		{0ACC100D-2229-4CBD-9982-4A5A61DC94C5}.Debug|ARM.ActiveCfg = Debug|ARM
		{0ACC100D-2229-4CBD-9982-4A5A61DC94C5}.Debug|ARM.Build.0 = Debug|ARM
		{0ACC100D-2229-4CBD-9982-4A5A61DC94C5}.Debug|ARM.Deploy.0 = Debug|ARM
		{0ACC100D-2229-4CBD-9982-4A5A61DC94C5}.Debug|x64.ActiveCfg = Debug|x64
		{0ACC100D-2229-4CBD-9982-4A5A61DC94C5}.Debug|x64.Build.0 = Debug|x64
		{0ACC100D-2229-4CBD-9982-4A5A61DC94C5}.Debug|x64.Deploy.0 = Debug|x64
		{0ACC100D-2229-4CBD-9982-4A5A61DC94C5}.Debug|x86.ActiveCfg = Debug|x86
		{0ACC100D-2229-4CBD-9982-4A5A61DC94C5}.Debug|x86.Build.0 = Debug|x86
		{0ACC100D-2229-4CBD-9982-4A5A61DC94C5}.Debug|x86.Deploy.0 = Debug|x86
		{0ACC100D-2229-4CBD-9982-4A5A61DC94C5}.Release|Any CPU.ActiveCfg = Release|x86
		{0ACC100D-2229-4CBD-9982-4A5A61DC94C5}.Release|ARM.ActiveCfg = Release|ARM
		{0ACC100D-2229-4CBD-9982-4A5A61DC94C5}.Release|ARM.Build.0 = Release|ARM
		{0ACC100D-2229-4CBD-9982-4A5A61DC94C5}.Release|ARM.Deploy.0 = Release|ARM
		{0ACC100D-2229-4CBD-9982-4A5A61DC94C5}.Release|x64.ActiveCfg = Release|x64
		{0ACC100D-2229-4CBD-9982-4A5A61DC94C5}.Release|x64.Build.0 = Release|x64
		{0ACC100D-2229-4CBD-9982-4A5A61DC94C5}.Release|x64.Deploy.0 = Release|x64
		{0ACC100D-2229-4CBD-9982-4A5A61DC94C5}.Release|x86.ActiveCfg = Release|x86
		{0ACC100D-2229-4CBD-9982-4A5A61DC94C5}.Release|x86.Build.0 = Release|x86
		{0ACC100D-2229-4CBD-9982-4A5A61DC94C5}.Release|x86.Deploy.0 = Release|x86
		{6EB84ED8-6A8A-451D-89DC-4B86DBAB9D67}.Debug|Any CPU.ActiveCfg = Debug|Any CPU
		{6EB84ED8-6A8A-451D-89DC-4B86DBAB9D67}.Debug|Any CPU.Build.0 = Debug|Any CPU
		{6EB84ED8-6A8A-451D-89DC-4B86DBAB9D67}.Debug|ARM.ActiveCfg = Debug|Any CPU
		{6EB84ED8-6A8A-451D-89DC-4B86DBAB9D67}.Debug|ARM.Build.0 = Debug|Any CPU
		{6EB84ED8-6A8A-451D-89DC-4B86DBAB9D67}.Debug|x64.ActiveCfg = Debug|Any CPU
		{6EB84ED8-6A8A-451D-89DC-4B86DBAB9D67}.Debug|x64.Build.0 = Debug|Any CPU
		{6EB84ED8-6A8A-451D-89DC-4B86DBAB9D67}.Debug|x86.ActiveCfg = Debug|Any CPU
		{6EB84ED8-6A8A-451D-89DC-4B86DBAB9D67}.Debug|x86.Build.0 = Debug|Any CPU
		{6EB84ED8-6A8A-451D-89DC-4B86DBAB9D67}.Release|Any CPU.ActiveCfg = Release|Any CPU
		{6EB84ED8-6A8A-451D-89DC-4B86DBAB9D67}.Release|Any CPU.Build.0 = Release|Any CPU
		{6EB84ED8-6A8A-451D-89DC-4B86DBAB9D67}.Release|ARM.ActiveCfg = Release|Any CPU
		{6EB84ED8-6A8A-451D-89DC-4B86DBAB9D67}.Release|ARM.Build.0 = Release|Any CPU
		{6EB84ED8-6A8A-451D-89DC-4B86DBAB9D67}.Release|x64.ActiveCfg = Release|Any CPU
		{6EB84ED8-6A8A-451D-89DC-4B86DBAB9D67}.Release|x64.Build.0 = Release|Any CPU
		{6EB84ED8-6A8A-451D-89DC-4B86DBAB9D67}.Release|x86.ActiveCfg = Release|Any CPU
		{6EB84ED8-6A8A-451D-89DC-4B86DBAB9D67}.Release|x86.Build.0 = Release|Any CPU
	EndGlobalSection
	GlobalSection(SolutionProperties) = preSolution
		HideSolutionNode = FALSE
	EndGlobalSection
	GlobalSection(NestedProjects) = preSolution
		{B441401E-B3F7-49D0-A02D-B5AEF6F14B52} = {5EBFD1BF-B3F9-40EE-8B50-0195506AF40A}
		{D47C4BB9-095A-4083-893D-ED0C372EC24B} = {5EBFD1BF-B3F9-40EE-8B50-0195506AF40A}
		{7EA5CD79-4454-4BE5-BB06-FA4C8122808A} = {5EBFD1BF-B3F9-40EE-8B50-0195506AF40A}
	EndGlobalSection
	GlobalSection(ExtensibilityGlobals) = postSolution
		SolutionGuid = {7E8FC2EA-0E8E-4CE3-9058-B0BA8E1DF5C9}
	EndGlobalSection
EndGlobal
